
Microsoft Visual Studio Solution File, Format Version 12.00
# Visual Studio 15
VisualStudioVersion = 15.0.27130.2036
MinimumVisualStudioVersion = 10.0.40219.1
Project("{FAE04EC0-301F-11D3-BF4B-00C04F79EFBC}") = "YearProgress", "YearProgress\YearProgress.csproj", "{4CB04190-A798-4498-B54F-ACC11D73EC94}"
EndProject
Global
	GlobalSection(SolutionConfigurationPlatforms) = preSolution
		Debug|Any CPU = Debug|Any CPU
		Release|Any CPU = Release|Any CPU
	EndGlobalSection
	GlobalSection(ProjectConfigurationPlatforms) = postSolution
		{4CB04190-A798-4498-B54F-ACC11D73EC94}.Debug|Any CPU.ActiveCfg = Debug|Any CPU
		{4CB04190-A798-4498-B54F-ACC11D73EC94}.Debug|Any CPU.Build.0 = Debug|Any CPU
		{4CB04190-A798-4498-B54F-ACC11D73EC94}.Release|Any CPU.ActiveCfg = Release|Any CPU
		{4CB04190-A798-4498-B54F-ACC11D73EC94}.Release|Any CPU.Build.0 = Release|Any CPU
	EndGlobalSection
	GlobalSection(SolutionProperties) = preSolution
		HideSolutionNode = FALSE
	EndGlobalSection
	GlobalSection(ExtensibilityGlobals) = postSolution
		SolutionGuid = {66E589DF-8D9C-469D-A571-8239DD2F5DF3}
	EndGlobalSection
EndGlobal
